
Microsoft Visual Studio Solution File, Format Version 12.00
# Visual Studio 2012
Project("{FAE04EC0-301F-11D3-BF4B-00C04F79EFBC}") = "PcaSoundCloud.Core", "PcaSoundCloud.Core\PcaSoundCloud.Core.csproj", "{1BF3906E-859A-491E-8440-8543C7D5B920}"
EndProject
Project("{FAE04EC0-301F-11D3-BF4B-00C04F79EFBC}") = "PcaSoundCloud.Core.Tests.Unit", "PcaSoundCloud.Core.Tests.Unit\PcaSoundCloud.Core.Tests.Unit.csproj", "{31B05330-886B-4102-81BD-660ACF4FE7EA}"
EndProject
Project("{FAE04EC0-301F-11D3-BF4B-00C04F79EFBC}") = "PcaSoundCloud.Shared.Tests.Unit", "PcaSoundCloud.Shared.Tests.Unit\PcaSoundCloud.Shared.Tests.Unit.csproj", "{E5E659CD-8BC2-48D7-93EC-4235FB4FF9A6}"
EndProject
Project("{FAE04EC0-301F-11D3-BF4B-00C04F79EFBC}") = "PcaSoundCloud.Shared", "PcaSoundCloud.Shared\PcaSoundCloud.Shared.csproj", "{057365B5-6A5B-4171-8B23-A3793B117E0D}"
EndProject
Project("{FAE04EC0-301F-11D3-BF4B-00C04F79EFBC}") = "PcaSoundCloud.Web", "PcaSoundCloud.Web\PcaSoundCloud.Web.csproj", "{E408AFED-7054-4ABD-AA2A-EEC63DFAC141}"
EndProject
Project("{FAE04EC0-301F-11D3-BF4B-00C04F79EFBC}") = "PcaSoundCloud.Web.Tests.Functional", "PcaSoundCloud.Web.Tests.Functional\PcaSoundCloud.Web.Tests.Functional.csproj", "{C67AA92D-BF62-43A3-A54D-29FFB56BCE24}"
EndProject
Project("{FAE04EC0-301F-11D3-BF4B-00C04F79EFBC}") = "PcaSoundCloud.API", "PcaSoundCloud.API\PcaSoundCloud.API.csproj", "{92D99B1B-FD02-4D33-B7DF-7F7B162334B1}"
EndProject
Project("{FAE04EC0-301F-11D3-BF4B-00C04F79EFBC}") = "PcaSoundCloud.API.Tests.Unit", "PcaSoundCloud.API.Tests.Unit\PcaSoundCloud.API.Tests.Unit.csproj", "{A8B8E111-29FC-42CE-9423-0AE366A34F5D}"
EndProject
Project("{FAE04EC0-301F-11D3-BF4B-00C04F79EFBC}") = "PcaSoundCloud.API.Tests.Integration", "PcaSoundCloud.API.Tests.Integration\PcaSoundCloud.API.Tests.Integration.csproj", "{CF6C1B43-CEDE-4DEE-872D-9CC2148F5AA9}"
EndProject
Project("{2150E333-8FDC-42A3-9474-1A3956D46DE8}") = ".nuget", ".nuget", "{C578E1A5-C27A-4FE4-AB02-4C00E6C219C2}"
	ProjectSection(SolutionItems) = preProject
		.nuget\packages.config = .nuget\packages.config
	EndProjectSection
EndProject
Project("{FAE04EC0-301F-11D3-BF4B-00C04F79EFBC}") = "PcaSoundCloud.Web.Tests.Unit", "PcaSoundCloud.Web.Tests.Unit\PcaSoundCloud.Web.Tests.Unit.csproj", "{BAEF4DDC-A275-4B41-A527-3B4E9E8F1AC7}"
EndProject
Global
	GlobalSection(SolutionConfigurationPlatforms) = preSolution
		Debug|Any CPU = Debug|Any CPU
		Release|Any CPU = Release|Any CPU
	EndGlobalSection
	GlobalSection(ProjectConfigurationPlatforms) = postSolution
		{1BF3906E-859A-491E-8440-8543C7D5B920}.Debug|Any CPU.ActiveCfg = Debug|Any CPU
		{1BF3906E-859A-491E-8440-8543C7D5B920}.Debug|Any CPU.Build.0 = Debug|Any CPU
		{1BF3906E-859A-491E-8440-8543C7D5B920}.Release|Any CPU.ActiveCfg = Release|Any CPU
		{1BF3906E-859A-491E-8440-8543C7D5B920}.Release|Any CPU.Build.0 = Release|Any CPU
		{31B05330-886B-4102-81BD-660ACF4FE7EA}.Debug|Any CPU.ActiveCfg = Debug|Any CPU
		{31B05330-886B-4102-81BD-660ACF4FE7EA}.Debug|Any CPU.Build.0 = Debug|Any CPU
		{31B05330-886B-4102-81BD-660ACF4FE7EA}.Release|Any CPU.ActiveCfg = Release|Any CPU
		{31B05330-886B-4102-81BD-660ACF4FE7EA}.Release|Any CPU.Build.0 = Release|Any CPU
		{E5E659CD-8BC2-48D7-93EC-4235FB4FF9A6}.Debug|Any CPU.ActiveCfg = Debug|Any CPU
		{E5E659CD-8BC2-48D7-93EC-4235FB4FF9A6}.Debug|Any CPU.Build.0 = Debug|Any CPU
		{E5E659CD-8BC2-48D7-93EC-4235FB4FF9A6}.Release|Any CPU.ActiveCfg = Release|Any CPU
		{E5E659CD-8BC2-48D7-93EC-4235FB4FF9A6}.Release|Any CPU.Build.0 = Release|Any CPU
		{057365B5-6A5B-4171-8B23-A3793B117E0D}.Debug|Any CPU.ActiveCfg = Debug|Any CPU
		{057365B5-6A5B-4171-8B23-A3793B117E0D}.Debug|Any CPU.Build.0 = Debug|Any CPU
		{057365B5-6A5B-4171-8B23-A3793B117E0D}.Release|Any CPU.ActiveCfg = Release|Any CPU
		{057365B5-6A5B-4171-8B23-A3793B117E0D}.Release|Any CPU.Build.0 = Release|Any CPU
		{E408AFED-7054-4ABD-AA2A-EEC63DFAC141}.Debug|Any CPU.ActiveCfg = Debug|Any CPU
		{E408AFED-7054-4ABD-AA2A-EEC63DFAC141}.Debug|Any CPU.Build.0 = Debug|Any CPU
		{E408AFED-7054-4ABD-AA2A-EEC63DFAC141}.Release|Any CPU.ActiveCfg = Release|Any CPU
		{E408AFED-7054-4ABD-AA2A-EEC63DFAC141}.Release|Any CPU.Build.0 = Release|Any CPU
		{C67AA92D-BF62-43A3-A54D-29FFB56BCE24}.Debug|Any CPU.ActiveCfg = Debug|Any CPU
		{C67AA92D-BF62-43A3-A54D-29FFB56BCE24}.Debug|Any CPU.Build.0 = Debug|Any CPU
		{C67AA92D-BF62-43A3-A54D-29FFB56BCE24}.Release|Any CPU.ActiveCfg = Release|Any CPU
		{C67AA92D-BF62-43A3-A54D-29FFB56BCE24}.Release|Any CPU.Build.0 = Release|Any CPU
		{92D99B1B-FD02-4D33-B7DF-7F7B162334B1}.Debug|Any CPU.ActiveCfg = Debug|Any CPU
		{92D99B1B-FD02-4D33-B7DF-7F7B162334B1}.Debug|Any CPU.Build.0 = Debug|Any CPU
		{92D99B1B-FD02-4D33-B7DF-7F7B162334B1}.Release|Any CPU.ActiveCfg = Release|Any CPU
		{92D99B1B-FD02-4D33-B7DF-7F7B162334B1}.Release|Any CPU.Build.0 = Release|Any CPU
		{A8B8E111-29FC-42CE-9423-0AE366A34F5D}.Debug|Any CPU.ActiveCfg = Debug|Any CPU
		{A8B8E111-29FC-42CE-9423-0AE366A34F5D}.Debug|Any CPU.Build.0 = Debug|Any CPU
		{A8B8E111-29FC-42CE-9423-0AE366A34F5D}.Release|Any CPU.ActiveCfg = Release|Any CPU
		{A8B8E111-29FC-42CE-9423-0AE366A34F5D}.Release|Any CPU.Build.0 = Release|Any CPU
		{CF6C1B43-CEDE-4DEE-872D-9CC2148F5AA9}.Debug|Any CPU.ActiveCfg = Debug|Any CPU
		{CF6C1B43-CEDE-4DEE-872D-9CC2148F5AA9}.Debug|Any CPU.Build.0 = Debug|Any CPU
		{CF6C1B43-CEDE-4DEE-872D-9CC2148F5AA9}.Release|Any CPU.ActiveCfg = Release|Any CPU
		{CF6C1B43-CEDE-4DEE-872D-9CC2148F5AA9}.Release|Any CPU.Build.0 = Release|Any CPU
		{BAEF4DDC-A275-4B41-A527-3B4E9E8F1AC7}.Debug|Any CPU.ActiveCfg = Debug|Any CPU
		{BAEF4DDC-A275-4B41-A527-3B4E9E8F1AC7}.Debug|Any CPU.Build.0 = Debug|Any CPU
		{BAEF4DDC-A275-4B41-A527-3B4E9E8F1AC7}.Release|Any CPU.ActiveCfg = Release|Any CPU
		{BAEF4DDC-A275-4B41-A527-3B4E9E8F1AC7}.Release|Any CPU.Build.0 = Release|Any CPU
	EndGlobalSection
	GlobalSection(SolutionProperties) = preSolution
		HideSolutionNode = FALSE
	EndGlobalSection
EndGlobal
